
Microsoft Visual Studio Solution File, Format Version 12.00
# Visual Studio Version 17
VisualStudioVersion = 17.14.37502.11 d17.14
MinimumVisualStudioVersion = 10.0.40219.1
Project("{FAE04EC0-301F-11D3-BF4B-00C04F79EFBC}") = "Exercise2", "Exercise2.csproj", "{040D248E-3D0E-469D-95C1-395FF66669D7}"
EndProject
Global
	GlobalSection(SolutionConfigurationPlatforms) = preSolution
		Debug|Any CPU = Debug|Any CPU
		Release|Any CPU = Release|Any CPU
	EndGlobalSection
	GlobalSection(ProjectConfigurationPlatforms) = postSolution
		{040D248E-3D0E-469D-95C1-395FF66669D7}.Debug|Any CPU.ActiveCfg = Debug|Any CPU
		{040D248E-3D0E-469D-95C1-395FF66669D7}.Debug|Any CPU.Build.0 = Debug|Any CPU
		{040D248E-3D0E-469D-95C1-395FF66669D7}.Release|Any CPU.ActiveCfg = Release|Any CPU
		{040D248E-3D0E-469D-95C1-395FF66669D7}.Release|Any CPU.Build.0 = Release|Any CPU
	EndGlobalSection
	GlobalSection(SolutionProperties) = preSolution
		HideSolutionNode = FALSE
	EndGlobalSection
	GlobalSection(ExtensibilityGlobals) = postSolution
		SolutionGuid = {B9615C83-218E-417E-AFD5-BD1D6B1C4555}
	EndGlobalSection
EndGlobal
