
Microsoft Visual Studio Solution File, Format Version 12.00
# Visual Studio Version 17
VisualStudioVersion = 17.14.37502.11 d17.14
MinimumVisualStudioVersion = 10.0.40219.1
Project("{FAE04EC0-301F-11D3-BF4B-00C04F79EFBC}") = "Monday_Exercise3", "Monday_Exercise3.csproj", "{422CAEF8-8347-4CF6-8008-71680EF0C54D}"
EndProject
Global
	GlobalSection(SolutionConfigurationPlatforms) = preSolution
		Debug|Any CPU = Debug|Any CPU
		Release|Any CPU = Release|Any CPU
	EndGlobalSection
	GlobalSection(ProjectConfigurationPlatforms) = postSolution
		{422CAEF8-8347-4CF6-8008-71680EF0C54D}.Debug|Any CPU.ActiveCfg = Debug|Any CPU
		{422CAEF8-8347-4CF6-8008-71680EF0C54D}.Debug|Any CPU.Build.0 = Debug|Any CPU
		{422CAEF8-8347-4CF6-8008-71680EF0C54D}.Release|Any CPU.ActiveCfg = Release|Any CPU
		{422CAEF8-8347-4CF6-8008-71680EF0C54D}.Release|Any CPU.Build.0 = Release|Any CPU
	EndGlobalSection
	GlobalSection(SolutionProperties) = preSolution
		HideSolutionNode = FALSE
	EndGlobalSection
	GlobalSection(ExtensibilityGlobals) = postSolution
		SolutionGuid = {EF9153EE-F4D6-493B-A5AE-B26ECB216F31}
	EndGlobalSection
EndGlobal
