
Microsoft Visual Studio Solution File, Format Version 12.00
# Visual Studio Version 17
VisualStudioVersion = 17.14.37531.7 d17.14
MinimumVisualStudioVersion = 10.0.40219.1
Project("{FAE04EC0-301F-11D3-BF4B-00C04F79EFBC}") = "Events_Class", "Events_Class.csproj", "{68BA95D9-841B-45CA-A658-F4C68E614C96}"
EndProject
Global
	GlobalSection(SolutionConfigurationPlatforms) = preSolution
		Debug|Any CPU = Debug|Any CPU
		Release|Any CPU = Release|Any CPU
	EndGlobalSection
	GlobalSection(ProjectConfigurationPlatforms) = postSolution
		{68BA95D9-841B-45CA-A658-F4C68E614C96}.Debug|Any CPU.ActiveCfg = Debug|Any CPU
		{68BA95D9-841B-45CA-A658-F4C68E614C96}.Debug|Any CPU.Build.0 = Debug|Any CPU
		{68BA95D9-841B-45CA-A658-F4C68E614C96}.Release|Any CPU.ActiveCfg = Release|Any CPU
		{68BA95D9-841B-45CA-A658-F4C68E614C96}.Release|Any CPU.Build.0 = Release|Any CPU
	EndGlobalSection
	GlobalSection(SolutionProperties) = preSolution
		HideSolutionNode = FALSE
	EndGlobalSection
	GlobalSection(ExtensibilityGlobals) = postSolution
		SolutionGuid = {747E5206-70D0-4247-939A-0A4608D40601}
	EndGlobalSection
EndGlobal
