
Microsoft Visual Studio Solution File, Format Version 12.00
# Visual Studio Version 17
VisualStudioVersion = 17.14.37502.11 d17.14
MinimumVisualStudioVersion = 10.0.40219.1
Project("{FAE04EC0-301F-11D3-BF4B-00C04F79EFBC}") = "Tue_BankApplic", "Tue_BankApplic.csproj", "{925F2E99-EDB8-4993-8DDB-14DFF71352B9}"
EndProject
Global
	GlobalSection(SolutionConfigurationPlatforms) = preSolution
		Debug|Any CPU = Debug|Any CPU
		Release|Any CPU = Release|Any CPU
	EndGlobalSection
	GlobalSection(ProjectConfigurationPlatforms) = postSolution
		{925F2E99-EDB8-4993-8DDB-14DFF71352B9}.Debug|Any CPU.ActiveCfg = Debug|Any CPU
		{925F2E99-EDB8-4993-8DDB-14DFF71352B9}.Debug|Any CPU.Build.0 = Debug|Any CPU
		{925F2E99-EDB8-4993-8DDB-14DFF71352B9}.Release|Any CPU.ActiveCfg = Release|Any CPU
		{925F2E99-EDB8-4993-8DDB-14DFF71352B9}.Release|Any CPU.Build.0 = Release|Any CPU
	EndGlobalSection
	GlobalSection(SolutionProperties) = preSolution
		HideSolutionNode = FALSE
	EndGlobalSection
	GlobalSection(ExtensibilityGlobals) = postSolution
		SolutionGuid = {D6FEA0F0-7104-4182-B12A-3A24B18903E8}
	EndGlobalSection
EndGlobal
