
Microsoft Visual Studio Solution File, Format Version 12.00
# Visual Studio Version 17
VisualStudioVersion = 17.14.37502.11 d17.14
MinimumVisualStudioVersion = 10.0.40219.1
Project("{FAE04EC0-301F-11D3-BF4B-00C04F79EFBC}") = "Practice1", "Practice1.csproj", "{20BED660-E186-4A8A-AD1C-1C781A8F13CB}"
EndProject
Global
	GlobalSection(SolutionConfigurationPlatforms) = preSolution
		Debug|Any CPU = Debug|Any CPU
		Release|Any CPU = Release|Any CPU
	EndGlobalSection
	GlobalSection(ProjectConfigurationPlatforms) = postSolution
		{20BED660-E186-4A8A-AD1C-1C781A8F13CB}.Debug|Any CPU.ActiveCfg = Debug|Any CPU
		{20BED660-E186-4A8A-AD1C-1C781A8F13CB}.Debug|Any CPU.Build.0 = Debug|Any CPU
		{20BED660-E186-4A8A-AD1C-1C781A8F13CB}.Release|Any CPU.ActiveCfg = Release|Any CPU
		{20BED660-E186-4A8A-AD1C-1C781A8F13CB}.Release|Any CPU.Build.0 = Release|Any CPU
	EndGlobalSection
	GlobalSection(SolutionProperties) = preSolution
		HideSolutionNode = FALSE
	EndGlobalSection
	GlobalSection(ExtensibilityGlobals) = postSolution
		SolutionGuid = {9BEDD5AE-AA8C-4986-BE50-A5F13D6A748E}
	EndGlobalSection
EndGlobal
