
Microsoft Visual Studio Solution File, Format Version 12.00
# Visual Studio Version 17
VisualStudioVersion = 17.14.37531.7 d17.14
MinimumVisualStudioVersion = 10.0.40219.1
Project("{FAE04EC0-301F-11D3-BF4B-00C04F79EFBC}") = "Exercise2_Poly", "Exercise2_Poly.csproj", "{D75D425D-2E58-4F39-B8A1-6871351BE7D3}"
EndProject
Global
	GlobalSection(SolutionConfigurationPlatforms) = preSolution
		Debug|Any CPU = Debug|Any CPU
		Release|Any CPU = Release|Any CPU
	EndGlobalSection
	GlobalSection(ProjectConfigurationPlatforms) = postSolution
		{D75D425D-2E58-4F39-B8A1-6871351BE7D3}.Debug|Any CPU.ActiveCfg = Debug|Any CPU
		{D75D425D-2E58-4F39-B8A1-6871351BE7D3}.Debug|Any CPU.Build.0 = Debug|Any CPU
		{D75D425D-2E58-4F39-B8A1-6871351BE7D3}.Release|Any CPU.ActiveCfg = Release|Any CPU
		{D75D425D-2E58-4F39-B8A1-6871351BE7D3}.Release|Any CPU.Build.0 = Release|Any CPU
	EndGlobalSection
	GlobalSection(SolutionProperties) = preSolution
		HideSolutionNode = FALSE
	EndGlobalSection
	GlobalSection(ExtensibilityGlobals) = postSolution
		SolutionGuid = {3935A8EB-9446-4931-9555-93464B72E262}
	EndGlobalSection
EndGlobal
